<?xml version="1.0" encoding="utf-8"?>
<Project ToolsVersion="4.0" xmlns="http://schemas.microsoft.com/developer/msbuild/2003">
  <ItemGroup>
    <FxCompile Include="AlphaPS.hlsl" />
    <FxCompile Include="AlphaVS.hlsl" />
    <FxCompile Include="CbMeshIndirectUpdater.hlsl" />
    <FxCompile Include="DeferredShadingComputeShader.hlsl" />
    <FxCompile Include="CopyPostProcessingPS.hlsl" />
    <FxCompile Include="CopyPostProcessingVS.hlsl" />
    <FxCompile Include="CbMesh4IndirectUpdater.hlsl" />
    <FxCompile Include="SimpleUVPixelShader.hlsl" />
    <FxCompile Include="SimpleUVVertexShader.hlsl" />
    <FxCompile Include="SinglePassDownsamplerCS.hlsl" />
  </ItemGroup>
  <ItemGroup>
    <ClInclude Include="framework.h">
      <Filter>Header Files</Filter>
    </ClInclude>
    <ClInclude Include="targetver.h">
      <Filter>Header Files</Filter>
    </ClInclude>
    <ClInclude Include="Resource.h">
      <Filter>Header Files</Filter>
    </ClInclude>
    <ClInclude Include="Saber.h">
      <Filter>Header Files</Filter>
    </ClInclude>
    <ClInclude Include="Headers.h">
      <Filter>Header Files</Filter>
    </ClInclude>
    <ClInclude Include="OutputContext.h">
      <Filter>Header Files</Filter>
    </ClInclude>
    <ClInclude Include="Renderer.h">
      <Filter>Header Files</Filter>
    </ClInclude>
    <ClInclude Include="CommandQueue.h">
      <Filter>Header Files</Filter>
    </ClInclude>
    <ClInclude Include="Vertices.h">
      <Filter>Header Files</Filter>
    </ClInclude>
    <ClInclude Include="RenderObject.h">
      <Filter>Header Files</Filter>
    </ClInclude>
    <ClInclude Include="Camera.h">
      <Filter>Header Files</Filter>
    </ClInclude>
    <ClInclude Include="Scene.h">
      <Filter>Header Files</Filter>
    </ClInclude>
    <ClInclude Include="Mesh.h">
      <Filter>Header Files</Filter>
    </ClInclude>
    <ClInclude Include="Atlas.h">
      <Filter>Header Files</Filter>
    </ClInclude>
    <ClInclude Include="Resources.h">
      <Filter>Header Files</Filter>
    </ClInclude>
    <ClInclude Include="CommandList.h">
      <Filter>Header Files</Filter>
    </ClInclude>
    <ClInclude Include="PSOLibrary.h">
      <Filter>Header Files</Filter>
    </ClInclude>
    <ClInclude Include="MemoryMappedFile.h">
      <Filter>Header Files</Filter>
    </ClInclude>
    <ClInclude Include="LockFreeQueue.h">
      <Filter>Header Files</Filter>
    </ClInclude>
    <ClInclude Include="JobSystem.h">
      <Filter>Header Files</Filter>
    </ClInclude>
    <ClInclude Include="D3D12MemAlloc.h">
      <Filter>Header Files</Filter>
    </ClInclude>
    <ClInclude Include="Texture.h">
      <Filter>Header Files</Filter>
    </ClInclude>
    <ClInclude Include="ConstantBuffer.h">
      <Filter>Header Files</Filter>
    </ClInclude>
    <ClInclude Include="GPUResource.h">
      <Filter>Header Files</Filter>
    </ClInclude>
    <ClInclude Include="GLTFLoader.h">
      <Filter>Header Files</Filter>
    </ClInclude>
    <ClInclude Include="DynamicUploadRingBuffer.h">
      <Filter>Header Files</Filter>
    </ClInclude>
    <ClInclude Include="PostProcessing.h">
      <Filter>Header Files</Filter>
    </ClInclude>
    <ClInclude Include="MeshRenderObject.h">
      <Filter>Header Files</Filter>
    </ClInclude>
    <ClInclude Include="ComputeObject.h">
      <Filter>Header Files</Filter>
    </ClInclude>
    <ClInclude Include="MaterialManager.h">
      <Filter>Header Files</Filter>
    </ClInclude>
    <ClInclude Include="DDSTexture.h">
      <Filter>Header Files</Filter>
    </ClInclude>
    <ClInclude Include="DescriptorHeapRange.h">
      <Filter>Header Files</Filter>
    </ClInclude>
    <ClInclude Include="DescriptorHeapManager.h">
      <Filter>Header Files</Filter>
    </ClInclude>
    <ClInclude Include="GBuffer.h">
      <Filter>Header Files</Filter>
    </ClInclude>
    <ClInclude Include="DepthBuffer.h">
      <Filter>Header Files</Filter>
    </ClInclude>
    <ClInclude Include="MaterialCB.h">
      <Filter>Common Files</Filter>
    </ClInclude>
    <ClInclude Include="HlslCppTypesRedefine.h">
      <Filter>Common Files</Filter>
    </ClInclude>
    <ClInclude Include="SinglePassDownsampler.h">
      <Filter>Header Files</Filter>
    </ClInclude>
    <ClInclude Include="IndirectCommandBuffer.h">
      <Filter>Header Files</Filter>
    </ClInclude>
    <ClInclude Include="IndirectUpdater.h">
      <Filter>Header Files</Filter>
    </ClInclude>
    <ClInclude Include="RenderSubsystem.h">
      <Filter>Header Files</Filter>
    </ClInclude>
    <ClInclude Include="SeparateChainingMap.h">
      <Filter>Header Files</Filter>
    </ClInclude>
    <ClInclude Include="CppHlslTypesRedefine.h">
      <Filter>Common Files</Filter>
    </ClInclude>
    <ClInclude Include="IndirectCommand.h">
      <Filter>Common Files</Filter>
    </ClInclude>
    <ClInclude Include="ModelBuffer.h">
      <Filter>Common Files</Filter>
    </ClInclude>
    <ClInclude Include="SceneBuffer.h">
      <Filter>Common Files</Filter>
    </ClInclude>
    <ClInclude Include="LightBuffer.h">
      <Filter>Common Files</Filter>
    </ClInclude>
  </ItemGroup>
  <ItemGroup>
    <ClCompile Include="main.cpp">
      <Filter>Source Files</Filter>
    </ClCompile>
    <ClCompile Include="OutputContext.cpp">
      <Filter>Source Files</Filter>
    </ClCompile>
    <ClCompile Include="Renderer.cpp">
      <Filter>Source Files</Filter>
    </ClCompile>
    <ClCompile Include="CommandQueue.cpp">
      <Filter>Source Files</Filter>
    </ClCompile>
    <ClCompile Include="Camera.cpp">
      <Filter>Source Files</Filter>
    </ClCompile>
    <ClCompile Include="Scene.cpp">
      <Filter>Source Files</Filter>
    </ClCompile>
    <ClCompile Include="RenderObject.cpp">
      <Filter>Source Files</Filter>
    </ClCompile>
    <ClCompile Include="Mesh.cpp">
      <Filter>Source Files</Filter>
    </ClCompile>
    <ClCompile Include="MemoryMappedFile.cpp">
      <Filter>Source Files</Filter>
    </ClCompile>
    <ClCompile Include="PSOLibrary.cpp">
      <Filter>Source Files</Filter>
    </ClCompile>
    <ClCompile Include="D3D12MemAlloc.cpp">
      <Filter>Source Files</Filter>
    </ClCompile>
    <ClCompile Include="CommandList.cpp">
      <Filter>Source Files</Filter>
    </ClCompile>
    <ClCompile Include="ConstantBuffer.cpp">
      <Filter>Source Files</Filter>
    </ClCompile>
    <ClCompile Include="GLTFLoader.cpp">
      <Filter>Source Files</Filter>
    </ClCompile>
    <ClCompile Include="GPUResource.cpp">
      <Filter>Source Files</Filter>
    </ClCompile>
    <ClCompile Include="Texture.cpp">
      <Filter>Source Files</Filter>
    </ClCompile>
    <ClCompile Include="DynamicUploadRingBuffer.cpp">
      <Filter>Source Files</Filter>
    </ClCompile>
    <ClCompile Include="PostProcessing.cpp">
      <Filter>Source Files</Filter>
    </ClCompile>
    <ClCompile Include="DDSTexture.cpp">
      <Filter>Source Files</Filter>
    </ClCompile>
    <ClCompile Include="DescriptorHeapManager.cpp">
      <Filter>Source Files</Filter>
    </ClCompile>
    <ClCompile Include="DescriptorHeapRange.cpp">
      <Filter>Source Files</Filter>
    </ClCompile>
    <ClCompile Include="GBuffer.cpp">
      <Filter>Source Files</Filter>
    </ClCompile>
    <ClCompile Include="MaterialManager.cpp">
      <Filter>Source Files</Filter>
    </ClCompile>
    <ClCompile Include="DepthBuffer.cpp">
      <Filter>Source Files</Filter>
    </ClCompile>
    <ClCompile Include="SinglePassDownsampler.cpp">
      <Filter>Source Files</Filter>
    </ClCompile>
  </ItemGroup>
  <ItemGroup>
    <ClInclude Include="Atlas.h" />
    <ClInclude Include="Camera.h" />
    <ClInclude Include="CommandList.h" />
    <ClInclude Include="CommandQueue.h" />
    <ClInclude Include="ComputeObject.h" />
    <ClInclude Include="ConstantBuffer.h" />
    <ClInclude Include="CppHlslTypesRedefine.h" />
    <ClInclude Include="D3D12MemAlloc.h" />
    <ClInclude Include="DDSTexture.h" />
    <ClInclude Include="DepthBuffer.h" />
    <ClInclude Include="DescriptorHeapManager.h" />
    <ClInclude Include="DescriptorHeapRange.h" />
    <ClInclude Include="DynamicUploadRingBuffer.h" />
    <ClInclude Include="framework.h" />
    <ClInclude Include="GBuffer.h" />
    <ClInclude Include="GLTFLoader.h" />
    <ClInclude Include="GPUResource.h" />
    <ClInclude Include="Headers.h" />
    <ClInclude Include="HlslCppTypesRedefine.h" />
    <ClInclude Include="IndirectCommand.h" />
    <ClInclude Include="IndirectCommandBuffer.h" />
    <ClInclude Include="IndirectUpdater.h" />
    <ClInclude Include="JobSystem.h" />
    <ClInclude Include="LockFreeQueue.h" />
    <ClInclude Include="MaterialCB.h" />
    <ClInclude Include="MemoryMappedFile.h" />
    <ClInclude Include="Mesh.h" />
    <ClInclude Include="MeshRenderObject.h" />
    <ClInclude Include="ModelBuffers.h" />
    <ClInclude Include="PostProcessing.h" />
    <ClInclude Include="PSOLibrary.h" />
    <ClInclude Include="RenderObject.h" />
    <ClInclude Include="OutputContext.h" />
    <ClInclude Include="Renderer.h" />
    <ClInclude Include="RenderSubsystem.h" />
    <ClInclude Include="Resource.h" />
    <ClInclude Include="Resources.h" />
    <ClInclude Include="Saber.h" />
    <ClInclude Include="Scene.h" />
    <ClInclude Include="SeparateChainingMap.h" />
    <ClInclude Include="SinglePassDownsampler.h" />
    <ClInclude Include="targetver.h" />
    <ClInclude Include="Texture.h" />
    <ClInclude Include="MaterialManager.h" />
    <ClInclude Include="Vertices.h" />
  </ItemGroup>
  <ItemGroup>
    <ResourceCompile Include="Saber.rc" />
  </ItemGroup>
  <ItemGroup>
    <FxCompile Include="SimpleUVVertexShader.hlsl">
      <Filter>Shaders</Filter>
    </FxCompile>
    <FxCompile Include="SimpleUVPixelShader.hlsl">
      <Filter>Shaders</Filter>
    </FxCompile>
    <FxCompile Include="CopyPostProcessingVS.hlsl">
      <Filter>Shaders</Filter>
    </FxCompile>
    <FxCompile Include="CopyPostProcessingPS.hlsl">
      <Filter>Shaders</Filter>
    </FxCompile>
    <FxCompile Include="DeferredShadingComputeShader.hlsl">
      <Filter>Shaders</Filter>
    </FxCompile>
    <FxCompile Include="AlphaVS.hlsl">
      <Filter>Shaders</Filter>
    </FxCompile>
    <FxCompile Include="AlphaPS.hlsl">
      <Filter>Shaders</Filter>
    </FxCompile>
    <FxCompile Include="SinglePassDownsamplerCS.hlsl">
      <Filter>Shaders\FidelityFX</Filter>
    </FxCompile>
    <FxCompile Include="CbMesh4IndirectUpdater.hlsl">
      <Filter>Shaders</Filter>
    </FxCompile>
    <FxCompile Include="OcclusionCullingFirstPass.hlsl">
      <Filter>Shaders</Filter>
    </FxCompile>
  </ItemGroup>
  <ItemGroup>
    <None Include="BlinnPhongLighting.hlsli" />
    <None Include="IndirectCommandUpdater.hlsli" />
    <None Include="Math.hlsli" />
    <None Include="packages.config" />
  </ItemGroup>
</Project>